
Microsoft Visual Studio Solution File, Format Version 12.00
# Visual Studio 15
VisualStudioVersion = 15.0.27703.2042
MinimumVisualStudioVersion = 10.0.40219.1
Project("{9A19103F-16F7-4668-BE54-9A1E7A4F7556}") = "TopSwagCode.Lambda.Payment", "TopSwagCode.Lambda.Payment\TopSwagCode.Lambda.Payment.csproj", "{408DD0FC-62ED-4BCC-B0D0-7D2F19D53BE4}"
EndProject
Global
	GlobalSection(SolutionConfigurationPlatforms) = preSolution
		Debug|Any CPU = Debug|Any CPU
		Release|Any CPU = Release|Any CPU
	EndGlobalSection
	GlobalSection(ProjectConfigurationPlatforms) = postSolution
		{408DD0FC-62ED-4BCC-B0D0-7D2F19D53BE4}.Debug|Any CPU.ActiveCfg = Debug|Any CPU
		{408DD0FC-62ED-4BCC-B0D0-7D2F19D53BE4}.Debug|Any CPU.Build.0 = Debug|Any CPU
		{408DD0FC-62ED-4BCC-B0D0-7D2F19D53BE4}.Release|Any CPU.ActiveCfg = Release|Any CPU
		{408DD0FC-62ED-4BCC-B0D0-7D2F19D53BE4}.Release|Any CPU.Build.0 = Release|Any CPU
	EndGlobalSection
	GlobalSection(SolutionProperties) = preSolution
		HideSolutionNode = FALSE
	EndGlobalSection
	GlobalSection(ExtensibilityGlobals) = postSolution
		SolutionGuid = {8B456F68-D779-4503-BF86-CD2073DC4DA2}
	EndGlobalSection
EndGlobal
